
Microsoft Visual Studio Solution File, Format Version 12.00
# Visual Studio 15
VisualStudioVersion = 15.0.26228.4
MinimumVisualStudioVersion = 10.0.40219.1
Project("{9A19103F-16F7-4668-BE54-9A1E7A4F7556}") = "LinqToRegex.Documentation", "LinqToRegex.Documentation\LinqToRegex.Documentation.csproj", "{0A8FE945-9ADD-448D-9663-F2E240AC8E3A}"
EndProject
Global
	GlobalSection(SolutionConfigurationPlatforms) = preSolution
		Debug|Any CPU = Debug|Any CPU
		Release|Any CPU = Release|Any CPU
	EndGlobalSection
	GlobalSection(ProjectConfigurationPlatforms) = postSolution
		{0A8FE945-9ADD-448D-9663-F2E240AC8E3A}.Debug|Any CPU.ActiveCfg = Debug|Any CPU
		{0A8FE945-9ADD-448D-9663-F2E240AC8E3A}.Debug|Any CPU.Build.0 = Debug|Any CPU
		{0A8FE945-9ADD-448D-9663-F2E240AC8E3A}.Release|Any CPU.ActiveCfg = Release|Any CPU
		{0A8FE945-9ADD-448D-9663-F2E240AC8E3A}.Release|Any CPU.Build.0 = Release|Any CPU
	EndGlobalSection
	GlobalSection(SolutionProperties) = preSolution
		HideSolutionNode = FALSE
	EndGlobalSection
	GlobalSection(ExtensibilityGlobals) = postSolution
		SolutionGuid = {5FF100B5-92A2-4D91-9405-FBFCF26FF451}
	EndGlobalSection
EndGlobal
